
Microsoft Visual Studio Solution File, Format Version 12.00
# Visual Studio Version 17
VisualStudioVersion = 17.11.35431.28
MinimumVisualStudioVersion = 10.0.40219.1
Project("{FAE04EC0-301F-11D3-BF4B-00C04F79EFBC}") = "Prueba1", "Prueba1\Prueba1.csproj", "{05958E82-CD23-4ADC-8B2F-58A368896B8A}"
EndProject
Global
	GlobalSection(SolutionConfigurationPlatforms) = preSolution
		Debug|Any CPU = Debug|Any CPU
		Release|Any CPU = Release|Any CPU
	EndGlobalSection
	GlobalSection(ProjectConfigurationPlatforms) = postSolution
		{05958E82-CD23-4ADC-8B2F-58A368896B8A}.Debug|Any CPU.ActiveCfg = Debug|Any CPU
		{05958E82-CD23-4ADC-8B2F-58A368896B8A}.Debug|Any CPU.Build.0 = Debug|Any CPU
		{05958E82-CD23-4ADC-8B2F-58A368896B8A}.Release|Any CPU.ActiveCfg = Release|Any CPU
		{05958E82-CD23-4ADC-8B2F-58A368896B8A}.Release|Any CPU.Build.0 = Release|Any CPU
	EndGlobalSection
	GlobalSection(SolutionProperties) = preSolution
		HideSolutionNode = FALSE
	EndGlobalSection
	GlobalSection(ExtensibilityGlobals) = postSolution
		SolutionGuid = {3FD86CA9-E964-4E71-8945-320D53D8ACDC}
	EndGlobalSection
EndGlobal
